// !$*UTF8*$!
{
	archiveVersion = 1;
	classes = {
	};
	objectVersion = 50;
	objects = {

/* Begin PBXBuildFile section */
		BCC46586231D3AA3007FF5BD /* AppDelegate.swift in Sources */ = {isa = PBXBuildFile; fileRef = BCC46585231D3AA3007FF5BD /* AppDelegate.swift */; };
		BCC46588231D3AA3007FF5BD /* ViewController.swift in Sources */ = {isa = PBXBuildFile; fileRef = BCC46587231D3AA3007FF5BD /* ViewController.swift */; };
		BCC4658B231D3AA3007FF5BD /* Main.storyboard in Resources */ = {isa = PBXBuildFile; fileRef = BCC46589231D3AA3007FF5BD /* Main.storyboard */; };
		BCC4658D231D3AA5007FF5BD /* Assets.xcassets in Resources */ = {isa = PBXBuildFile; fileRef = BCC4658C231D3AA5007FF5BD /* Assets.xcassets */; };
		BCC46590231D3AA5007FF5BD /* LaunchScreen.storyboard in Resources */ = {isa = PBXBuildFile; fileRef = BCC4658E231D3AA5007FF5BD /* LaunchScreen.storyboard */; };
		BCC46598231D4B9E007FF5BD /* BMICalculator.swift in Sources */ = {isa = PBXBuildFile; fileRef = BCC46597231D4B9E007FF5BD /* BMICalculator.swift */; };
/* End PBXBuildFile section */

/* Begin PBXFileReference section */
		BCC46582231D3AA3007FF5BD /* magic 8 ball.app */ = {isa = PBXFileReference; explicitFileType = wrapper.application; includeInIndex = 0; path = "magic 8 ball.app"; sourceTree = BUILT_PRODUCTS_DIR; };
		BCC46585231D3AA3007FF5BD /* AppDelegate.swift */ = {isa = PBXFileReference; lastKnownFileType = sourcecode.swift; path = AppDelegate.swift; sourceTree = "<group>"; };
		BCC46587231D3AA3007FF5BD /* ViewController.swift */ = {isa = PBXFileReference; lastKnownFileType = sourcecode.swift; path = ViewController.swift; sourceTree = "<group>"; };
		BCC4658A231D3AA3007FF5BD /* Base */ = {isa = PBXFileReference; lastKnownFileType = file.storyboard; name = Base; path = Base.lproj/Main.storyboard; sourceTree = "<group>"; };
		BCC4658C231D3AA5007FF5BD /* Assets.xcassets */ = {isa = PBXFileReference; lastKnownFileType = folder.assetcatalog; path = Assets.xcassets; sourceTree = "<group>"; };
		BCC4658F231D3AA5007FF5BD /* Base */ = {isa = PBXFileReference; lastKnownFileType = file.storyboard; name = Base; path = Base.lproj/LaunchScreen.storyboard; sourceTree = "<group>"; };
		BCC46591231D3AA5007FF5BD /* Info.plist */ = {isa = PBXFileReference; lastKnownFileType = text.plist.xml; path = Info.plist; sourceTree = "<group>"; };
		BCC46597231D4B9E007FF5BD /* BMICalculator.swift */ = {isa = PBXFileReference; lastKnownFileType = sourcecode.swift; path = BMICalculator.swift; sourceTree = "<group>"; };
/* End PBXFileReference section */

/* Begin PBXFrameworksBuildPhase section */
		BCC4657F231D3AA3007FF5BD /* Frameworks */ = {
			isa = PBXFrameworksBuildPhase;
			buildActionMask = 2147483647;
			files = (
			);
			runOnlyForDeploymentPostprocessing = 0;
		};
/* End PBXFrameworksBuildPhase section */

/* Begin PBXGroup section */
		BCC46579231D3AA3007FF5BD = {
			isa = PBXGroup;
			children = (
				BCC46584231D3AA3007FF5BD /* magic 8 ball */,
				BCC46583231D3AA3007FF5BD /* Products */,
			);
			sourceTree = "<group>";
		};
		BCC46583231D3AA3007FF5BD /* Products */ = {
			isa = PBXGroup;
			children = (
				BCC46582231D3AA3007FF5BD /* magic 8 ball.app */,
			);
			name = Products;
			sourceTree = "<group>";
		};
		BCC46584231D3AA3007FF5BD /* magic 8 ball */ = {
			isa = PBXGroup;
			children = (
				BCC46585231D3AA3007FF5BD /* AppDelegate.swift */,
				BCC46587231D3AA3007FF5BD /* ViewController.swift */,
				BCC46589231D3AA3007FF5BD /* Main.storyboard */,
				BCC4658C231D3AA5007FF5BD /* Assets.xcassets */,
				BCC4658E231D3AA5007FF5BD /* LaunchScreen.storyboard */,
				BCC46591231D3AA5007FF5BD /* Info.plist */,
				BCC46597231D4B9E007FF5BD /* BMICalculator.swift */,
			);
			path = "magic 8 ball";
			sourceTree = "<group>";
		};
/* End PBXGroup section */

/* Begin PBXNativeTarget section */
		BCC46581231D3AA3007FF5BD /* magic 8 ball */ = {
			isa = PBXNativeTarget;
			buildConfigurationList = BCC46594231D3AA5007FF5BD /* Build configuration list for PBXNativeTarget "magic 8 ball" */;
			buildPhases = (
				BCC4657E231D3AA3007FF5BD /* Sources */,
				BCC4657F231D3AA3007FF5BD /* Frameworks */,
				BCC46580231D3AA3007FF5BD /* Resources */,
			);
			buildRules = (
			);
			dependencies = (
			);
			name = "magic 8 ball";
			productName = "magic 8 ball";
			productReference = BCC46582231D3AA3007FF5BD /* magic 8 ball.app */;
			productType = "com.apple.product-type.application";
		};
/* End PBXNativeTarget section */

/* Begin PBXProject section */
		BCC4657A231D3AA3007FF5BD /* Project object */ = {
			isa = PBXProject;
			attributes = {
				LastSwiftUpdateCheck = 1030;
				LastUpgradeCheck = 1030;
				ORGANIZATIONNAME = "kumar paveen";
				TargetAttributes = {
					BCC46581231D3AA3007FF5BD = {
						CreatedOnToolsVersion = 10.3;
					};
				};
			};
			buildConfigurationList = BCC4657D231D3AA3007FF5BD /* Build configuration list for PBXProject "magic 8 ball" */;
			compatibilityVersion = "Xcode 9.3";
			developmentRegion = en;
			hasScannedForEncodings = 0;
			knownRegions = (
				en,
				Base,
			);
			mainGroup = BCC46579231D3AA3007FF5BD;
			productRefGroup = BCC46583231D3AA3007FF5BD /* Products */;
			projectDirPath = "";
			projectRoot = "";
			targets = (
				BCC46581231D3AA3007FF5BD /* magic 8 ball */,
			);
		};
/* End PBXProject section */

/* Begin PBXResourcesBuildPhase section */
		BCC46580231D3AA3007FF5BD /* Resources */ = {
			isa = PBXResourcesBuildPhase;
			buildActionMask = 2147483647;
			files = (
				BCC46590231D3AA5007FF5BD /* LaunchScreen.storyboard in Resources */,
				BCC4658D231D3AA5007FF5BD /* Assets.xcassets in Resources */,
				BCC4658B231D3AA3007FF5BD /* Main.storyboard in Resources */,
			);
			runOnlyForDeploymentPostprocessing = 0;
		};
/* End PBXResourcesBuildPhase section */

/* Begin PBXSourcesBuildPhase section */
		BCC4657E231D3AA3007FF5BD /* Sources */ = {
			isa = PBXSourcesBuildPhase;
			buildActionMask = 2147483647;
			files = (
				BCC46588231D3AA3007FF5BD /* ViewController.swift in Sources */,
				BCC46598231D4B9E007FF5BD /* BMICalculator.swift in Sources */,
				BCC46586231D3AA3007FF5BD /* AppDelegate.swift in Sources */,
			);
			runOnlyForDeploymentPostprocessing = 0;
		};
/* End PBXSourcesBuildPhase section */

/* Begin PBXVariantGroup section */
		BCC46589231D3AA3007FF5BD /* Main.storyboard */ = {
			isa = PBXVariantGroup;
			children = (
				BCC4658A231D3AA3007FF5BD /* Base */,
			);
			name = Main.storyboard;
			sourceTree = "<group>";
		};
		BCC4658E231D3AA5007FF5BD /* LaunchScreen.storyboard */ = {
			isa = PBXVariantGroup;
			children = (
				BCC4658F231D3AA5007FF5BD /* Base */,
			);
			name = LaunchScreen.storyboard;
			sourceTree = "<group>";
		};
/* End PBXVariantGroup section */

/* Begin XCBuildConfiguration section */
		BCC46592231D3AA5007FF5BD /* Debug */ = {
			isa = XCBuildConfiguration;
			buildSettings = {
				ALWAYS_SEARCH_USER_PATHS = NO;
				CLANG_ANALYZER_NONNULL = YES;
				CLANG_ANALYZER_NUMBER_OBJECT_CONVERSION = YES_AGGRESSIVE;
				CLANG_CXX_LANGUAGE_STANDARD = "gnu++14";
				CLANG_CXX_LIBRARY = "libc++";
				CLANG_ENABLE_MODULES = YES;
				CLANG_ENABLE_OBJC_ARC = YES;
				CLANG_ENABLE_OBJC_WEAK = YES;
				CLANG_WARN_BLOCK_CAPTURE_AUTORELEASING = YES;
				CLANG_WARN_BOOL_CONVERSION = YES;
				CLANG_WARN_COMMA = YES;
				CLANG_WARN_CONSTANT_CONVERSION = YES;
				CLANG_WARN_DEPRECATED_OBJC_IMPLEMENTATIONS = YES;
				CLANG_WARN_DIRECT_OBJC_ISA_USAGE = YES_ERROR;
				CLANG_WARN_DOCUMENTATION_COMMENTS = YES;
				CLANG_WARN_EMPTY_BODY = YES;
				CLANG_WARN_ENUM_CONVERSION = YES;
				CLANG_WARN_INFINITE_RECURSION = YES;
				CLANG_WARN_INT_CONVERSION = YES;
				CLANG_WARN_NON_LITERAL_NULL_CONVERSION = YES;
				CLANG_WARN_OBJC_IMPLICIT_RETAIN_SELF = YES;
				CLANG_WARN_OBJC_LITERAL_CONVERSION = YES;
				CLANG_WARN_OBJC_ROOT_CLASS = YES_ERROR;
				CLANG_WARN_RANGE_LOOP_ANALYSIS = YES;
				CLANG_WARN_STRICT_PROTOTYPES = YES;
				CLANG_WARN_SUSPICIOUS_MOVE = YES;
				CLANG_WARN_UNGUARDED_AVAILABILITY = YES_AGGRESSIVE;
				CLANG_WARN_UNREACHABLE_CODE = YES;
				CLANG_WARN__DUPLICATE_METHOD_MATCH = YES;
				CODE_SIGN_IDENTITY = "iPhone Developer";
				COPY_PHASE_STRIP = NO;
				DEBUG_INFORMATION_FORMAT = dwarf;
				ENABLE_STRICT_OBJC_MSGSEND = YES;
				ENABLE_TESTABILITY = YES;
				GCC_C_LANGUAGE_STANDARD = gnu11;
				GCC_DYNAMIC_NO_PIC = NO;
				GCC_NO_COMMON_BLOCKS = YES;
				GCC_OPTIMIZATION_LEVEL = 0;
				GCC_PREPROCESSOR_DEFINITIONS = (
					"DEBUG=1",
					"$(inherited)",
				);
				GCC_WARN_64_TO_32_BIT_CONVERSION = YES;
				GCC_WARN_ABOUT_RETURN_TYPE = YES_ERROR;
				GCC_WARN_UNDECLARED_SELECTOR = YES;
				GCC_WARN_UNINITIALIZED_AUTOS = YES_AGGRESSIVE;
				GCC_WARN_UNUSED_FUNCTION = YES;
				GCC_WARN_UNUSED_VARIABLE = YES;
				IPHONEOS_DEPLOYMENT_TARGET = 12.4;
				MTL_ENABLE_DEBUG_INFO = INCLUDE_SOURCE;
				MTL_FAST_MATH = YES;
				ONLY_ACTIVE_ARCH = YES;
				SDKROOT = iphoneos;
				SWIFT_ACTIVE_COMPILATION_CONDITIONS = DEBUG;
				SWIFT_OPTIMIZATION_LEVEL = "-Onone";
			};
			name = Debug;
		};
		BCC46593231D3AA5007FF5BD /* Release */ = {
			isa = XCBuildConfiguration;
			buildSettings = {
				ALWAYS_SEARCH_USER_PATHS = NO;
				CLANG_ANALYZER_NONNULL = YES;
				CLANG_ANALYZER_NUMBER_OBJECT_CONVERSION = YES_AGGRESSIVE;
				CLANG_CXX_LANGUAGE_STANDARD = "gnu++14";
				CLANG_CXX_LIBRARY = "libc++";
				CLANG_ENABLE_MODULES = YES;
				CLANG_ENABLE_OBJC_ARC = YES;
				CLANG_ENABLE_OBJC_WEAK = YES;
				CLANG_WARN_BLOCK_CAPTURE_AUTORELEASING = YES;
				CLANG_WARN_BOOL_CONVERSION = YES;
				CLANG_WARN_COMMA = YES;
				CLANG_WARN_CONSTANT_CONVERSION = YES;
				CLANG_WARN_DEPRECATED_OBJC_IMPLEMENTATIONS = YES;
				CLANG_WARN_DIRECT_OBJC_ISA_USAGE = YES_ERROR;
				CLANG_WARN_DOCUMENTATION_COMMENTS = YES;
				CLANG_WARN_EMPTY_BODY = YES;
				CLANG_WARN_ENUM_CONVERSION = YES;
				CLANG_WARN_INFINITE_RECURSION = YES;
				CLANG_WARN_INT_CONVERSION = YES;
				CLANG_WARN_NON_LITERAL_NULL_CONVERSION = YES;
				CLANG_WARN_OBJC_IMPLICIT_RETAIN_SELF = YES;
				CLANG_WARN_OBJC_LITERAL_CONVERSION = YES;
				CLANG_WARN_OBJC_ROOT_CLASS = YES_ERROR;
				CLANG_WARN_RANGE_LOOP_ANALYSIS = YES;
				CLANG_WARN_STRICT_PROTOTYPES = YES;
				CLANG_WARN_SUSPICIOUS_MOVE = YES;
				CLANG_WARN_UNGUARDED_AVAILABILITY = YES_AGGRESSIVE;
				CLANG_WARN_UNREACHABLE_CODE = YES;
				CLANG_WARN__DUPLICATE_METHOD_MATCH = YES;
				CODE_SIGN_IDENTITY = "iPhone Developer";
				COPY_PHASE_STRIP = NO;
				DEBUG_INFORMATION_FORMAT = "dwarf-with-dsym";
				ENABLE_NS_ASSERTIONS = NO;
				ENABLE_STRICT_OBJC_MSGSEND = YES;
				GCC_C_LANGUAGE_STANDARD = gnu11;
				GCC_NO_COMMON_BLOCKS = YES;
				GCC_WARN_64_TO_32_BIT_CONVERSION = YES;
				GCC_WARN_ABOUT_RETURN_TYPE = YES_ERROR;
				GCC_WARN_UNDECLARED_SELECTOR = YES;
				GCC_WARN_UNINITIALIZED_AUTOS = YES_AGGRESSIVE;
				GCC_WARN_UNUSED_FUNCTION = YES;
				GCC_WARN_UNUSED_VARIABLE = YES;
				IPHONEOS_DEPLOYMENT_TARGET = 12.4;
				MTL_ENABLE_DEBUG_INFO = NO;
				MTL_FAST_MATH = YES;
				SDKROOT = iphoneos;
				SWIFT_COMPILATION_MODE = wholemodule;
				SWIFT_OPTIMIZATION_LEVEL = "-O";
				VALIDATE_PRODUCT = YES;
			};
			name = Release;
		};
		BCC46595231D3AA5007FF5BD /* Debug */ = {
			isa = XCBuildConfiguration;
			buildSettings = {
				ASSETCATALOG_COMPILER_APPICON_NAME = AppIcon;
				CODE_SIGN_STYLE = Automatic;
				DEVELOPMENT_TEAM = G385H7W25Y;
				INFOPLIST_FILE = "magic 8 ball/Info.plist";
				LD_RUNPATH_SEARCH_PATHS = (
					"$(inherited)",
					"@executable_path/Frameworks",
				);
				PRODUCT_BUNDLE_IDENTIFIER = "com.iosDevelopment.magic-8-ball";
				PRODUCT_NAME = "$(TARGET_NAME)";
				SWIFT_VERSION = 5.0;
				TARGETED_DEVICE_FAMILY = "1,2";
			};
			name = Debug;
		};
		BCC46596231D3AA5007FF5BD /* Release */ = {
			isa = XCBuildConfiguration;
			buildSettings = {
				ASSETCATALOG_COMPILER_APPICON_NAME = AppIcon;
				CODE_SIGN_STYLE = Automatic;
				DEVELOPMENT_TEAM = G385H7W25Y;
				INFOPLIST_FILE = "magic 8 ball/Info.plist";
				LD_RUNPATH_SEARCH_PATHS = (
					"$(inherited)",
					"@executable_path/Frameworks",
				);
				PRODUCT_BUNDLE_IDENTIFIER = "com.iosDevelopment.magic-8-ball";
				PRODUCT_NAME = "$(TARGET_NAME)";
				SWIFT_VERSION = 5.0;
				TARGETED_DEVICE_FAMILY = "1,2";
			};
			name = Release;
		};
/* End XCBuildConfiguration section */

/* Begin XCConfigurationList section */
		BCC4657D231D3AA3007FF5BD /* Build configuration list for PBXProject "magic 8 ball" */ = {
			isa = XCConfigurationList;
			buildConfigurations = (
				BCC46592231D3AA5007FF5BD /* Debug */,
				BCC46593231D3AA5007FF5BD /* Release */,
			);
			defaultConfigurationIsVisible = 0;
			defaultConfigurationName = Release;
		};
		BCC46594231D3AA5007FF5BD /* Build configuration list for PBXNativeTarget "magic 8 ball" */ = {
			isa = XCConfigurationList;
			buildConfigurations = (
				BCC46595231D3AA5007FF5BD /* Debug */,
				BCC46596231D3AA5007FF5BD /* Release */,
			);
			defaultConfigurationIsVisible = 0;
			defaultConfigurationName = Release;
		};
/* End XCConfigurationList section */
	};
	rootObject = BCC4657A231D3AA3007FF5BD /* Project object */;
}
